# This file was autogenerated by Stack.
# You should not edit this file by hand.
# For more information, please see the documentation at:
#   https://docs.haskellstack.org/en/stable/lock_files

packages:
- completed:
    hackage: gloss-1.13.2.1@sha256:273d02d30e1896932d45424dab6022a16986c0ed3eef6937776b5f40854ce51c,4075
    pantry-tree:
      sha256: 1bcac9962bad9412bfb3c3a694fcdaae7097ee4071b03fc1dc5ab6047baad01b
      size: 3807
  original:
    hackage: gloss-1.13.2.1@sha256:273d02d30e1896932d45424dab6022a16986c0ed3eef6937776b5f40854ce51c,4075
- completed:
    hackage: haskeline-0.8.2@sha256:3a80aff4c751b475337ace00ac5757c5d47a47de94954fb87cce168a90e19c7a,6005
    pantry-tree:
      sha256: a51f2be1d61d077b8c972d762e9799983f08c95cae5123cf8ade8803e3250579
      size: 2955
  original:
    hackage: haskeline-0.8.2@sha256:3a80aff4c751b475337ace00ac5757c5d47a47de94954fb87cce168a90e19c7a,6005
snapshots:
- completed:
    sha256: 1ecad1f0bd2c27de88dbff6572446cfdf647c615d58a7e2e2085c6b7dfc04176
    size: 619403
    url: https://raw.githubusercontent.com/commercialhaskell/stackage-snapshots/master/lts/19/25.yaml
  original:
    url: https://raw.githubusercontent.com/commercialhaskell/stackage-snapshots/master/lts/19/25.yaml
